
Microsoft Visual Studio Solution File, Format Version 12.00
# Visual Studio 14
VisualStudioVersion = 14.0.25420.1
MinimumVisualStudioVersion = 10.0.40219.1
Project("{FAE04EC0-301F-11D3-BF4B-00C04F79EFBC}") = "GolfDistanceAPI.API", "GolfDistanceAPI\GolfDistanceAPI.API.csproj", "{391974B8-1407-403F-B082-58DD33A57D46}"
EndProject
Project("{FAE04EC0-301F-11D3-BF4B-00C04F79EFBC}") = "GolfDistanceAPI.Tests", "GolfDistanceAPI.Tests\GolfDistanceAPI.Tests.csproj", "{5DC28043-E49D-4234-9177-D01DE2807710}"
EndProject
Project("{FAE04EC0-301F-11D3-BF4B-00C04F79EFBC}") = "GolfDistanceAPI.Infrastructure", "GolfDistanceAPI.Infrastructure\GolfDistanceAPI.Infrastructure.csproj", "{5138DD65-5748-4088-9F9F-203BFBFE9F86}"
EndProject
Project("{FAE04EC0-301F-11D3-BF4B-00C04F79EFBC}") = "GolfDistanceAPI.Application", "GolfDistanceAPI.Application\GolfDistanceAPI.Application.csproj", "{71BCA7CB-5DE8-4B26-A312-45B87A20FDE1}"
EndProject
Project("{FAE04EC0-301F-11D3-BF4B-00C04F79EFBC}") = "GolfDistanceAPI.ServiceModels", "GolfDistanceAPI.ServiceModels\GolfDistanceAPI.ServiceModels.csproj", "{05AC51D1-1496-414F-8877-4C2F0F5662F6}"
EndProject
Project("{FAE04EC0-301F-11D3-BF4B-00C04F79EFBC}") = "GolfDistanceAPI.Domain", "GolfDistanceAPI.Domain\GolfDistanceAPI.Domain.csproj", "{39D61FC7-BDED-4947-88CB-84F66BE0645C}"
EndProject
Global
	GlobalSection(SolutionConfigurationPlatforms) = preSolution
		Debug|Any CPU = Debug|Any CPU
		Release|Any CPU = Release|Any CPU
	EndGlobalSection
	GlobalSection(ProjectConfigurationPlatforms) = postSolution
		{391974B8-1407-403F-B082-58DD33A57D46}.Debug|Any CPU.ActiveCfg = Debug|Any CPU
		{391974B8-1407-403F-B082-58DD33A57D46}.Debug|Any CPU.Build.0 = Debug|Any CPU
		{391974B8-1407-403F-B082-58DD33A57D46}.Release|Any CPU.ActiveCfg = Release|Any CPU
		{391974B8-1407-403F-B082-58DD33A57D46}.Release|Any CPU.Build.0 = Release|Any CPU
		{5DC28043-E49D-4234-9177-D01DE2807710}.Debug|Any CPU.ActiveCfg = Debug|Any CPU
		{5DC28043-E49D-4234-9177-D01DE2807710}.Debug|Any CPU.Build.0 = Debug|Any CPU
		{5DC28043-E49D-4234-9177-D01DE2807710}.Release|Any CPU.ActiveCfg = Release|Any CPU
		{5DC28043-E49D-4234-9177-D01DE2807710}.Release|Any CPU.Build.0 = Release|Any CPU
		{5138DD65-5748-4088-9F9F-203BFBFE9F86}.Debug|Any CPU.ActiveCfg = Debug|Any CPU
		{5138DD65-5748-4088-9F9F-203BFBFE9F86}.Debug|Any CPU.Build.0 = Debug|Any CPU
		{5138DD65-5748-4088-9F9F-203BFBFE9F86}.Release|Any CPU.ActiveCfg = Release|Any CPU
		{5138DD65-5748-4088-9F9F-203BFBFE9F86}.Release|Any CPU.Build.0 = Release|Any CPU
		{71BCA7CB-5DE8-4B26-A312-45B87A20FDE1}.Debug|Any CPU.ActiveCfg = Debug|Any CPU
		{71BCA7CB-5DE8-4B26-A312-45B87A20FDE1}.Debug|Any CPU.Build.0 = Debug|Any CPU
		{71BCA7CB-5DE8-4B26-A312-45B87A20FDE1}.Release|Any CPU.ActiveCfg = Release|Any CPU
		{71BCA7CB-5DE8-4B26-A312-45B87A20FDE1}.Release|Any CPU.Build.0 = Release|Any CPU
		{05AC51D1-1496-414F-8877-4C2F0F5662F6}.Debug|Any CPU.ActiveCfg = Debug|Any CPU
		{05AC51D1-1496-414F-8877-4C2F0F5662F6}.Debug|Any CPU.Build.0 = Debug|Any CPU
		{05AC51D1-1496-414F-8877-4C2F0F5662F6}.Release|Any CPU.ActiveCfg = Release|Any CPU
		{05AC51D1-1496-414F-8877-4C2F0F5662F6}.Release|Any CPU.Build.0 = Release|Any CPU
		{39D61FC7-BDED-4947-88CB-84F66BE0645C}.Debug|Any CPU.ActiveCfg = Debug|Any CPU
		{39D61FC7-BDED-4947-88CB-84F66BE0645C}.Debug|Any CPU.Build.0 = Debug|Any CPU
		{39D61FC7-BDED-4947-88CB-84F66BE0645C}.Release|Any CPU.ActiveCfg = Release|Any CPU
		{39D61FC7-BDED-4947-88CB-84F66BE0645C}.Release|Any CPU.Build.0 = Release|Any CPU
	EndGlobalSection
	GlobalSection(SolutionProperties) = preSolution
		HideSolutionNode = FALSE
	EndGlobalSection
EndGlobal
